// !$*UTF8*$!
{
	archiveVersion = 1;
	classes = {
	};
	objectVersion = 46;
	objects = {

/* Begin PBXBuildFile section */
		DA004BDA1E4954E200EA1EA2 /* Impact.ttf in Resources */ = {isa = PBXBuildFile; fileRef = DA004BD91E4954E200EA1EA2 /* Impact.ttf */; };
		DABE9E411E5B7C2A00478236 /* MemeTableViewController.swift in Sources */ = {isa = PBXBuildFile; fileRef = DABE9E401E5B7C2A00478236 /* MemeTableViewController.swift */; };
		DABE9E431E5B7C4500478236 /* MemeCollectionViewController.swift in Sources */ = {isa = PBXBuildFile; fileRef = DABE9E421E5B7C4500478236 /* MemeCollectionViewController.swift */; };
		DABE9E451E5B93CD00478236 /* MemeCollectionViewCell.swift in Sources */ = {isa = PBXBuildFile; fileRef = DABE9E441E5B93CD00478236 /* MemeCollectionViewCell.swift */; };
		DADC8EEB1E43C60200D13E89 /* AppDelegate.swift in Sources */ = {isa = PBXBuildFile; fileRef = DADC8EEA1E43C60200D13E89 /* AppDelegate.swift */; };
		DADC8EED1E43C60200D13E89 /* ViewController.swift in Sources */ = {isa = PBXBuildFile; fileRef = DADC8EEC1E43C60200D13E89 /* ViewController.swift */; };
		DADC8EF01E43C60200D13E89 /* Main.storyboard in Resources */ = {isa = PBXBuildFile; fileRef = DADC8EEE1E43C60200D13E89 /* Main.storyboard */; };
		DADC8EF21E43C60200D13E89 /* Assets.xcassets in Resources */ = {isa = PBXBuildFile; fileRef = DADC8EF11E43C60200D13E89 /* Assets.xcassets */; };
		DADC8EF51E43C60200D13E89 /* LaunchScreen.storyboard in Resources */ = {isa = PBXBuildFile; fileRef = DADC8EF31E43C60200D13E89 /* LaunchScreen.storyboard */; };
		DADC8EFE1E48FBFD00D13E89 /* Meme.swift in Sources */ = {isa = PBXBuildFile; fileRef = DADC8EFD1E48FBFD00D13E89 /* Meme.swift */; };
/* End PBXBuildFile section */

/* Begin PBXFileReference section */
		DA004BD91E4954E200EA1EA2 /* Impact.ttf */ = {isa = PBXFileReference; lastKnownFileType = file; path = Impact.ttf; sourceTree = "<group>"; };
		DABE9E401E5B7C2A00478236 /* MemeTableViewController.swift */ = {isa = PBXFileReference; fileEncoding = 4; lastKnownFileType = sourcecode.swift; path = MemeTableViewController.swift; sourceTree = "<group>"; };
		DABE9E421E5B7C4500478236 /* MemeCollectionViewController.swift */ = {isa = PBXFileReference; fileEncoding = 4; lastKnownFileType = sourcecode.swift; path = MemeCollectionViewController.swift; sourceTree = "<group>"; };
		DABE9E441E5B93CD00478236 /* MemeCollectionViewCell.swift */ = {isa = PBXFileReference; fileEncoding = 4; lastKnownFileType = sourcecode.swift; path = MemeCollectionViewCell.swift; sourceTree = "<group>"; };
		DADC8EE71E43C60200D13E89 /* MemeMe.app */ = {isa = PBXFileReference; explicitFileType = wrapper.application; includeInIndex = 0; path = MemeMe.app; sourceTree = BUILT_PRODUCTS_DIR; };
		DADC8EEA1E43C60200D13E89 /* AppDelegate.swift */ = {isa = PBXFileReference; lastKnownFileType = sourcecode.swift; path = AppDelegate.swift; sourceTree = "<group>"; };
		DADC8EEC1E43C60200D13E89 /* ViewController.swift */ = {isa = PBXFileReference; lastKnownFileType = sourcecode.swift; path = ViewController.swift; sourceTree = "<group>"; };
		DADC8EEF1E43C60200D13E89 /* Base */ = {isa = PBXFileReference; lastKnownFileType = file.storyboard; name = Base; path = Base.lproj/Main.storyboard; sourceTree = "<group>"; };
		DADC8EF11E43C60200D13E89 /* Assets.xcassets */ = {isa = PBXFileReference; lastKnownFileType = folder.assetcatalog; path = Assets.xcassets; sourceTree = "<group>"; };
		DADC8EF41E43C60200D13E89 /* Base */ = {isa = PBXFileReference; lastKnownFileType = file.storyboard; name = Base; path = Base.lproj/LaunchScreen.storyboard; sourceTree = "<group>"; };
		DADC8EF61E43C60200D13E89 /* Info.plist */ = {isa = PBXFileReference; lastKnownFileType = text.plist.xml; path = Info.plist; sourceTree = "<group>"; };
		DADC8EFD1E48FBFD00D13E89 /* Meme.swift */ = {isa = PBXFileReference; fileEncoding = 4; lastKnownFileType = sourcecode.swift; path = Meme.swift; sourceTree = "<group>"; };
/* End PBXFileReference section */

/* Begin PBXFrameworksBuildPhase section */
		DADC8EE41E43C60200D13E89 /* Frameworks */ = {
			isa = PBXFrameworksBuildPhase;
			buildActionMask = 2147483647;
			files = (
			);
			runOnlyForDeploymentPostprocessing = 0;
		};
/* End PBXFrameworksBuildPhase section */

/* Begin PBXGroup section */
		DA004BD71E4954B900EA1EA2 /* Resources */ = {
			isa = PBXGroup;
			children = (
				DA004BD81E4954C700EA1EA2 /* Fonts */,
			);
			name = Resources;
			sourceTree = "<group>";
		};
		DA004BD81E4954C700EA1EA2 /* Fonts */ = {
			isa = PBXGroup;
			children = (
				DA004BD91E4954E200EA1EA2 /* Impact.ttf */,
			);
			name = Fonts;
			sourceTree = "<group>";
		};
		DADC8EDE1E43C60200D13E89 = {
			isa = PBXGroup;
			children = (
				DADC8EE91E43C60200D13E89 /* MemeMe */,
				DADC8EE81E43C60200D13E89 /* Products */,
			);
			sourceTree = "<group>";
		};
		DADC8EE81E43C60200D13E89 /* Products */ = {
			isa = PBXGroup;
			children = (
				DADC8EE71E43C60200D13E89 /* MemeMe.app */,
			);
			name = Products;
			sourceTree = "<group>";
		};
		DADC8EE91E43C60200D13E89 /* MemeMe */ = {
			isa = PBXGroup;
			children = (
				DA004BD71E4954B900EA1EA2 /* Resources */,
				DADC8EFC1E48FBEE00D13E89 /* Model */,
				DADC8EEA1E43C60200D13E89 /* AppDelegate.swift */,
				DADC8EEC1E43C60200D13E89 /* ViewController.swift */,
				DADC8EEE1E43C60200D13E89 /* Main.storyboard */,
				DABE9E421E5B7C4500478236 /* MemeCollectionViewController.swift */,
				DABE9E441E5B93CD00478236 /* MemeCollectionViewCell.swift */,
				DABE9E401E5B7C2A00478236 /* MemeTableViewController.swift */,
				DADC8EF11E43C60200D13E89 /* Assets.xcassets */,
				DADC8EF31E43C60200D13E89 /* LaunchScreen.storyboard */,
				DADC8EF61E43C60200D13E89 /* Info.plist */,
			);
			path = MemeMe;
			sourceTree = "<group>";
		};
		DADC8EFC1E48FBEE00D13E89 /* Model */ = {
			isa = PBXGroup;
			children = (
				DADC8EFD1E48FBFD00D13E89 /* Meme.swift */,
			);
			name = Model;
			sourceTree = "<group>";
		};
/* End PBXGroup section */

/* Begin PBXNativeTarget section */
		DADC8EE61E43C60200D13E89 /* MemeMe */ = {
			isa = PBXNativeTarget;
			buildConfigurationList = DADC8EF91E43C60200D13E89 /* Build configuration list for PBXNativeTarget "MemeMe" */;
			buildPhases = (
				DADC8EE31E43C60200D13E89 /* Sources */,
				DADC8EE41E43C60200D13E89 /* Frameworks */,
				DADC8EE51E43C60200D13E89 /* Resources */,
			);
			buildRules = (
			);
			dependencies = (
			);
			name = MemeMe;
			productName = MemeMeSandBox;
			productReference = DADC8EE71E43C60200D13E89 /* MemeMe.app */;
			productType = "com.apple.product-type.application";
		};
/* End PBXNativeTarget section */

/* Begin PBXProject section */
		DADC8EDF1E43C60200D13E89 /* Project object */ = {
			isa = PBXProject;
			attributes = {
				LastSwiftUpdateCheck = 0820;
				LastUpgradeCheck = 0820;
				ORGANIZATIONNAME = "Dustin Howell";
				TargetAttributes = {
					DADC8EE61E43C60200D13E89 = {
						CreatedOnToolsVersion = 8.2.1;
						DevelopmentTeam = L22QFD289R;
						ProvisioningStyle = Automatic;
					};
				};
			};
			buildConfigurationList = DADC8EE21E43C60200D13E89 /* Build configuration list for PBXProject "MemeMe" */;
			compatibilityVersion = "Xcode 3.2";
			developmentRegion = English;
			hasScannedForEncodings = 0;
			knownRegions = (
				en,
				Base,
			);
			mainGroup = DADC8EDE1E43C60200D13E89;
			productRefGroup = DADC8EE81E43C60200D13E89 /* Products */;
			projectDirPath = "";
			projectRoot = "";
			targets = (
				DADC8EE61E43C60200D13E89 /* MemeMe */,
			);
		};
/* End PBXProject section */

/* Begin PBXResourcesBuildPhase section */
		DADC8EE51E43C60200D13E89 /* Resources */ = {
			isa = PBXResourcesBuildPhase;
			buildActionMask = 2147483647;
			files = (
				DA004BDA1E4954E200EA1EA2 /* Impact.ttf in Resources */,
				DADC8EF51E43C60200D13E89 /* LaunchScreen.storyboard in Resources */,
				DADC8EF21E43C60200D13E89 /* Assets.xcassets in Resources */,
				DADC8EF01E43C60200D13E89 /* Main.storyboard in Resources */,
			);
			runOnlyForDeploymentPostprocessing = 0;
		};
/* End PBXResourcesBuildPhase section */

/* Begin PBXSourcesBuildPhase section */
		DADC8EE31E43C60200D13E89 /* Sources */ = {
			isa = PBXSourcesBuildPhase;
			buildActionMask = 2147483647;
			files = (
				DABE9E451E5B93CD00478236 /* MemeCollectionViewCell.swift in Sources */,
				DADC8EFE1E48FBFD00D13E89 /* Meme.swift in Sources */,
				DADC8EED1E43C60200D13E89 /* ViewController.swift in Sources */,
				DABE9E431E5B7C4500478236 /* MemeCollectionViewController.swift in Sources */,
				DADC8EEB1E43C60200D13E89 /* AppDelegate.swift in Sources */,
				DABE9E411E5B7C2A00478236 /* MemeTableViewController.swift in Sources */,
			);
			runOnlyForDeploymentPostprocessing = 0;
		};
/* End PBXSourcesBuildPhase section */

/* Begin PBXVariantGroup section */
		DADC8EEE1E43C60200D13E89 /* Main.storyboard */ = {
			isa = PBXVariantGroup;
			children = (
				DADC8EEF1E43C60200D13E89 /* Base */,
			);
			name = Main.storyboard;
			sourceTree = "<group>";
		};
		DADC8EF31E43C60200D13E89 /* LaunchScreen.storyboard */ = {
			isa = PBXVariantGroup;
			children = (
				DADC8EF41E43C60200D13E89 /* Base */,
			);
			name = LaunchScreen.storyboard;
			sourceTree = "<group>";
		};
/* End PBXVariantGroup section */

/* Begin XCBuildConfiguration section */
		DADC8EF71E43C60200D13E89 /* Debug */ = {
			isa = XCBuildConfiguration;
			buildSettings = {
				ALWAYS_SEARCH_USER_PATHS = NO;
				CLANG_ANALYZER_NONNULL = YES;
				CLANG_CXX_LANGUAGE_STANDARD = "gnu++0x";
				CLANG_CXX_LIBRARY = "libc++";
				CLANG_ENABLE_MODULES = YES;
				CLANG_ENABLE_OBJC_ARC = YES;
				CLANG_WARN_BOOL_CONVERSION = YES;
				CLANG_WARN_CONSTANT_CONVERSION = YES;
				CLANG_WARN_DIRECT_OBJC_ISA_USAGE = YES_ERROR;
				CLANG_WARN_DOCUMENTATION_COMMENTS = YES;
				CLANG_WARN_EMPTY_BODY = YES;
				CLANG_WARN_ENUM_CONVERSION = YES;
				CLANG_WARN_INFINITE_RECURSION = YES;
				CLANG_WARN_INT_CONVERSION = YES;
				CLANG_WARN_OBJC_ROOT_CLASS = YES_ERROR;
				CLANG_WARN_SUSPICIOUS_MOVE = YES;
				CLANG_WARN_UNREACHABLE_CODE = YES;
				CLANG_WARN__DUPLICATE_METHOD_MATCH = YES;
				"CODE_SIGN_IDENTITY[sdk=iphoneos*]" = "iPhone Developer";
				COPY_PHASE_STRIP = NO;
				DEBUG_INFORMATION_FORMAT = dwarf;
				ENABLE_STRICT_OBJC_MSGSEND = YES;
				ENABLE_TESTABILITY = YES;
				GCC_C_LANGUAGE_STANDARD = gnu99;
				GCC_DYNAMIC_NO_PIC = NO;
				GCC_NO_COMMON_BLOCKS = YES;
				GCC_OPTIMIZATION_LEVEL = 0;
				GCC_PREPROCESSOR_DEFINITIONS = (
					"DEBUG=1",
					"$(inherited)",
				);
				GCC_WARN_64_TO_32_BIT_CONVERSION = YES;
				GCC_WARN_ABOUT_RETURN_TYPE = YES_ERROR;
				GCC_WARN_UNDECLARED_SELECTOR = YES;
				GCC_WARN_UNINITIALIZED_AUTOS = YES_AGGRESSIVE;
				GCC_WARN_UNUSED_FUNCTION = YES;
				GCC_WARN_UNUSED_VARIABLE = YES;
				IPHONEOS_DEPLOYMENT_TARGET = 10.2;
				MTL_ENABLE_DEBUG_INFO = YES;
				ONLY_ACTIVE_ARCH = YES;
				SDKROOT = iphoneos;
				SWIFT_ACTIVE_COMPILATION_CONDITIONS = DEBUG;
				SWIFT_OPTIMIZATION_LEVEL = "-Onone";
				TARGETED_DEVICE_FAMILY = "1,2";
			};
			name = Debug;
		};
		DADC8EF81E43C60200D13E89 /* Release */ = {
			isa = XCBuildConfiguration;
			buildSettings = {
				ALWAYS_SEARCH_USER_PATHS = NO;
				CLANG_ANALYZER_NONNULL = YES;
				CLANG_CXX_LANGUAGE_STANDARD = "gnu++0x";
				CLANG_CXX_LIBRARY = "libc++";
				CLANG_ENABLE_MODULES = YES;
				CLANG_ENABLE_OBJC_ARC = YES;
				CLANG_WARN_BOOL_CONVERSION = YES;
				CLANG_WARN_CONSTANT_CONVERSION = YES;
				CLANG_WARN_DIRECT_OBJC_ISA_USAGE = YES_ERROR;
				CLANG_WARN_DOCUMENTATION_COMMENTS = YES;
				CLANG_WARN_EMPTY_BODY = YES;
				CLANG_WARN_ENUM_CONVERSION = YES;
				CLANG_WARN_INFINITE_RECURSION = YES;
				CLANG_WARN_INT_CONVERSION = YES;
				CLANG_WARN_OBJC_ROOT_CLASS = YES_ERROR;
				CLANG_WARN_SUSPICIOUS_MOVE = YES;
				CLANG_WARN_UNREACHABLE_CODE = YES;
				CLANG_WARN__DUPLICATE_METHOD_MATCH = YES;
				"CODE_SIGN_IDENTITY[sdk=iphoneos*]" = "iPhone Developer";
				COPY_PHASE_STRIP = NO;
				DEBUG_INFORMATION_FORMAT = "dwarf-with-dsym";
				ENABLE_NS_ASSERTIONS = NO;
				ENABLE_STRICT_OBJC_MSGSEND = YES;
				GCC_C_LANGUAGE_STANDARD = gnu99;
				GCC_NO_COMMON_BLOCKS = YES;
				GCC_WARN_64_TO_32_BIT_CONVERSION = YES;
				GCC_WARN_ABOUT_RETURN_TYPE = YES_ERROR;
				GCC_WARN_UNDECLARED_SELECTOR = YES;
				GCC_WARN_UNINITIALIZED_AUTOS = YES_AGGRESSIVE;
				GCC_WARN_UNUSED_FUNCTION = YES;
				GCC_WARN_UNUSED_VARIABLE = YES;
				IPHONEOS_DEPLOYMENT_TARGET = 10.2;
				MTL_ENABLE_DEBUG_INFO = NO;
				SDKROOT = iphoneos;
				SWIFT_OPTIMIZATION_LEVEL = "-Owholemodule";
				TARGETED_DEVICE_FAMILY = "1,2";
				VALIDATE_PRODUCT = YES;
			};
			name = Release;
		};
		DADC8EFA1E43C60200D13E89 /* Debug */ = {
			isa = XCBuildConfiguration;
			buildSettings = {
				ASSETCATALOG_COMPILER_APPICON_NAME = AppIcon;
				DEVELOPMENT_TEAM = L22QFD289R;
				INFOPLIST_FILE = MemeMe/Info.plist;
				LD_RUNPATH_SEARCH_PATHS = "$(inherited) @executable_path/Frameworks";
				PRODUCT_BUNDLE_IDENTIFIER = com.toy.dustinhowell.MemeMe;
				PRODUCT_NAME = "$(TARGET_NAME)";
				SWIFT_VERSION = 3.0;
			};
			name = Debug;
		};
		DADC8EFB1E43C60200D13E89 /* Release */ = {
			isa = XCBuildConfiguration;
			buildSettings = {
				ASSETCATALOG_COMPILER_APPICON_NAME = AppIcon;
				DEVELOPMENT_TEAM = L22QFD289R;
				INFOPLIST_FILE = MemeMe/Info.plist;
				LD_RUNPATH_SEARCH_PATHS = "$(inherited) @executable_path/Frameworks";
				PRODUCT_BUNDLE_IDENTIFIER = com.toy.dustinhowell.MemeMe;
				PRODUCT_NAME = "$(TARGET_NAME)";
				SWIFT_VERSION = 3.0;
			};
			name = Release;
		};
/* End XCBuildConfiguration section */

/* Begin XCConfigurationList section */
		DADC8EE21E43C60200D13E89 /* Build configuration list for PBXProject "MemeMe" */ = {
			isa = XCConfigurationList;
			buildConfigurations = (
				DADC8EF71E43C60200D13E89 /* Debug */,
				DADC8EF81E43C60200D13E89 /* Release */,
			);
			defaultConfigurationIsVisible = 0;
			defaultConfigurationName = Release;
		};
		DADC8EF91E43C60200D13E89 /* Build configuration list for PBXNativeTarget "MemeMe" */ = {
			isa = XCConfigurationList;
			buildConfigurations = (
				DADC8EFA1E43C60200D13E89 /* Debug */,
				DADC8EFB1E43C60200D13E89 /* Release */,
			);
			defaultConfigurationIsVisible = 0;
			defaultConfigurationName = Release;
		};
/* End XCConfigurationList section */
	};
	rootObject = DADC8EDF1E43C60200D13E89 /* Project object */;
}
